// !$*UTF8*$!
{
	archiveVersion = 1;
	classes = {
	};
	objectVersion = 46;
	objects = {

/* Begin PBXBuildFile section */
		06BE060A1A0AE452000CB849 /* AppDelegate.swift in Sources */ = {isa = PBXBuildFile; fileRef = 06BE06091A0AE452000CB849 /* AppDelegate.swift */; };
		06BE060C1A0AE452000CB849 /* ViewController.swift in Sources */ = {isa = PBXBuildFile; fileRef = 06BE060B1A0AE452000CB849 /* ViewController.swift */; };
		06BE060F1A0AE452000CB849 /* Main.storyboard in Resources */ = {isa = PBXBuildFile; fileRef = 06BE060D1A0AE452000CB849 /* Main.storyboard */; };
		06BE06111A0AE452000CB849 /* Images.xcassets in Resources */ = {isa = PBXBuildFile; fileRef = 06BE06101A0AE452000CB849 /* Images.xcassets */; };
		06BE06141A0AE452000CB849 /* LaunchScreen.xib in Resources */ = {isa = PBXBuildFile; fileRef = 06BE06121A0AE452000CB849 /* LaunchScreen.xib */; };
		06BE06201A0AE452000CB849 /* SimplePlayerTests.swift in Sources */ = {isa = PBXBuildFile; fileRef = 06BE061F1A0AE452000CB849 /* SimplePlayerTests.swift */; };
/* End PBXBuildFile section */

/* Begin PBXContainerItemProxy section */
		06BE061A1A0AE452000CB849 /* PBXContainerItemProxy */ = {
			isa = PBXContainerItemProxy;
			containerPortal = 06BE05FC1A0AE452000CB849 /* Project object */;
			proxyType = 1;
			remoteGlobalIDString = 06BE06031A0AE452000CB849;
			remoteInfo = SimplePlayer;
		};
/* End PBXContainerItemProxy section */

/* Begin PBXFileReference section */
		06BE06041A0AE452000CB849 /* SimplePlayer.app */ = {isa = PBXFileReference; explicitFileType = wrapper.application; includeInIndex = 0; path = SimplePlayer.app; sourceTree = BUILT_PRODUCTS_DIR; };
		06BE06081A0AE452000CB849 /* Info.plist */ = {isa = PBXFileReference; lastKnownFileType = text.plist.xml; path = Info.plist; sourceTree = "<group>"; };
		06BE06091A0AE452000CB849 /* AppDelegate.swift */ = {isa = PBXFileReference; lastKnownFileType = sourcecode.swift; path = AppDelegate.swift; sourceTree = "<group>"; };
		06BE060B1A0AE452000CB849 /* ViewController.swift */ = {isa = PBXFileReference; lastKnownFileType = sourcecode.swift; path = ViewController.swift; sourceTree = "<group>"; };
		06BE060E1A0AE452000CB849 /* Base */ = {isa = PBXFileReference; lastKnownFileType = file.storyboard; name = Base; path = Base.lproj/Main.storyboard; sourceTree = "<group>"; };
		06BE06101A0AE452000CB849 /* Images.xcassets */ = {isa = PBXFileReference; lastKnownFileType = folder.assetcatalog; path = Images.xcassets; sourceTree = "<group>"; };
		06BE06131A0AE452000CB849 /* Base */ = {isa = PBXFileReference; lastKnownFileType = file.xib; name = Base; path = Base.lproj/LaunchScreen.xib; sourceTree = "<group>"; };
		06BE06191A0AE452000CB849 /* SimplePlayerTests.xctest */ = {isa = PBXFileReference; explicitFileType = wrapper.cfbundle; includeInIndex = 0; path = SimplePlayerTests.xctest; sourceTree = BUILT_PRODUCTS_DIR; };
		06BE061E1A0AE452000CB849 /* Info.plist */ = {isa = PBXFileReference; lastKnownFileType = text.plist.xml; path = Info.plist; sourceTree = "<group>"; };
		06BE061F1A0AE452000CB849 /* SimplePlayerTests.swift */ = {isa = PBXFileReference; lastKnownFileType = sourcecode.swift; path = SimplePlayerTests.swift; sourceTree = "<group>"; };
/* End PBXFileReference section */

/* Begin PBXFrameworksBuildPhase section */
		06BE06011A0AE452000CB849 /* Frameworks */ = {
			isa = PBXFrameworksBuildPhase;
			buildActionMask = 2147483647;
			files = (
			);
			runOnlyForDeploymentPostprocessing = 0;
		};
		06BE06161A0AE452000CB849 /* Frameworks */ = {
			isa = PBXFrameworksBuildPhase;
			buildActionMask = 2147483647;
			files = (
			);
			runOnlyForDeploymentPostprocessing = 0;
		};
/* End PBXFrameworksBuildPhase section */

/* Begin PBXGroup section */
		06BE05FB1A0AE452000CB849 = {
			isa = PBXGroup;
			children = (
				06BE06061A0AE452000CB849 /* SimplePlayer */,
				06BE061C1A0AE452000CB849 /* SimplePlayerTests */,
				06BE06051A0AE452000CB849 /* Products */,
			);
			sourceTree = "<group>";
		};
		06BE06051A0AE452000CB849 /* Products */ = {
			isa = PBXGroup;
			children = (
				06BE06041A0AE452000CB849 /* SimplePlayer.app */,
				06BE06191A0AE452000CB849 /* SimplePlayerTests.xctest */,
			);
			name = Products;
			sourceTree = "<group>";
		};
		06BE06061A0AE452000CB849 /* SimplePlayer */ = {
			isa = PBXGroup;
			children = (
				06BE06091A0AE452000CB849 /* AppDelegate.swift */,
				06BE060B1A0AE452000CB849 /* ViewController.swift */,
				06BE060D1A0AE452000CB849 /* Main.storyboard */,
				06BE06101A0AE452000CB849 /* Images.xcassets */,
				06BE06121A0AE452000CB849 /* LaunchScreen.xib */,
				06BE06071A0AE452000CB849 /* Supporting Files */,
			);
			path = SimplePlayer;
			sourceTree = "<group>";
		};
		06BE06071A0AE452000CB849 /* Supporting Files */ = {
			isa = PBXGroup;
			children = (
				06BE06081A0AE452000CB849 /* Info.plist */,
			);
			name = "Supporting Files";
			sourceTree = "<group>";
		};
		06BE061C1A0AE452000CB849 /* SimplePlayerTests */ = {
			isa = PBXGroup;
			children = (
				06BE061F1A0AE452000CB849 /* SimplePlayerTests.swift */,
				06BE061D1A0AE452000CB849 /* Supporting Files */,
			);
			path = SimplePlayerTests;
			sourceTree = "<group>";
		};
		06BE061D1A0AE452000CB849 /* Supporting Files */ = {
			isa = PBXGroup;
			children = (
				06BE061E1A0AE452000CB849 /* Info.plist */,
			);
			name = "Supporting Files";
			sourceTree = "<group>";
		};
/* End PBXGroup section */

/* Begin PBXNativeTarget section */
		06BE06031A0AE452000CB849 /* SimplePlayer */ = {
			isa = PBXNativeTarget;
			buildConfigurationList = 06BE06231A0AE452000CB849 /* Build configuration list for PBXNativeTarget "SimplePlayer" */;
			buildPhases = (
				06BE06001A0AE452000CB849 /* Sources */,
				06BE06011A0AE452000CB849 /* Frameworks */,
				06BE06021A0AE452000CB849 /* Resources */,
			);
			buildRules = (
			);
			dependencies = (
			);
			name = SimplePlayer;
			productName = SimplePlayer;
			productReference = 06BE06041A0AE452000CB849 /* SimplePlayer.app */;
			productType = "com.apple.product-type.application";
		};
		06BE06181A0AE452000CB849 /* SimplePlayerTests */ = {
			isa = PBXNativeTarget;
			buildConfigurationList = 06BE06261A0AE452000CB849 /* Build configuration list for PBXNativeTarget "SimplePlayerTests" */;
			buildPhases = (
				06BE06151A0AE452000CB849 /* Sources */,
				06BE06161A0AE452000CB849 /* Frameworks */,
				06BE06171A0AE452000CB849 /* Resources */,
			);
			buildRules = (
			);
			dependencies = (
				06BE061B1A0AE452000CB849 /* PBXTargetDependency */,
			);
			name = SimplePlayerTests;
			productName = SimplePlayerTests;
			productReference = 06BE06191A0AE452000CB849 /* SimplePlayerTests.xctest */;
			productType = "com.apple.product-type.bundle.unit-test";
		};
/* End PBXNativeTarget section */

/* Begin PBXProject section */
		06BE05FC1A0AE452000CB849 /* Project object */ = {
			isa = PBXProject;
			attributes = {
				LastUpgradeCheck = 0610;
				ORGANIZATIONNAME = madobon;
				TargetAttributes = {
					06BE06031A0AE452000CB849 = {
						CreatedOnToolsVersion = 6.1;
					};
					06BE06181A0AE452000CB849 = {
						CreatedOnToolsVersion = 6.1;
						TestTargetID = 06BE06031A0AE452000CB849;
					};
				};
			};
			buildConfigurationList = 06BE05FF1A0AE452000CB849 /* Build configuration list for PBXProject "SimplePlayer" */;
			compatibilityVersion = "Xcode 3.2";
			developmentRegion = English;
			hasScannedForEncodings = 0;
			knownRegions = (
				en,
				Base,
			);
			mainGroup = 06BE05FB1A0AE452000CB849;
			productRefGroup = 06BE06051A0AE452000CB849 /* Products */;
			projectDirPath = "";
			projectRoot = "";
			targets = (
				06BE06031A0AE452000CB849 /* SimplePlayer */,
				06BE06181A0AE452000CB849 /* SimplePlayerTests */,
			);
		};
/* End PBXProject section */

/* Begin PBXResourcesBuildPhase section */
		06BE06021A0AE452000CB849 /* Resources */ = {
			isa = PBXResourcesBuildPhase;
			buildActionMask = 2147483647;
			files = (
				06BE060F1A0AE452000CB849 /* Main.storyboard in Resources */,
				06BE06141A0AE452000CB849 /* LaunchScreen.xib in Resources */,
				06BE06111A0AE452000CB849 /* Images.xcassets in Resources */,
			);
			runOnlyForDeploymentPostprocessing = 0;
		};
		06BE06171A0AE452000CB849 /* Resources */ = {
			isa = PBXResourcesBuildPhase;
			buildActionMask = 2147483647;
			files = (
			);
			runOnlyForDeploymentPostprocessing = 0;
		};
/* End PBXResourcesBuildPhase section */

/* Begin PBXSourcesBuildPhase section */
		06BE06001A0AE452000CB849 /* Sources */ = {
			isa = PBXSourcesBuildPhase;
			buildActionMask = 2147483647;
			files = (
				06BE060C1A0AE452000CB849 /* ViewController.swift in Sources */,
				06BE060A1A0AE452000CB849 /* AppDelegate.swift in Sources */,
			);
			runOnlyForDeploymentPostprocessing = 0;
		};
		06BE06151A0AE452000CB849 /* Sources */ = {
			isa = PBXSourcesBuildPhase;
			buildActionMask = 2147483647;
			files = (
				06BE06201A0AE452000CB849 /* SimplePlayerTests.swift in Sources */,
			);
			runOnlyForDeploymentPostprocessing = 0;
		};
/* End PBXSourcesBuildPhase section */

/* Begin PBXTargetDependency section */
		06BE061B1A0AE452000CB849 /* PBXTargetDependency */ = {
			isa = PBXTargetDependency;
			target = 06BE06031A0AE452000CB849 /* SimplePlayer */;
			targetProxy = 06BE061A1A0AE452000CB849 /* PBXContainerItemProxy */;
		};
/* End PBXTargetDependency section */

/* Begin PBXVariantGroup section */
		06BE060D1A0AE452000CB849 /* Main.storyboard */ = {
			isa = PBXVariantGroup;
			children = (
				06BE060E1A0AE452000CB849 /* Base */,
			);
			name = Main.storyboard;
			sourceTree = "<group>";
		};
		06BE06121A0AE452000CB849 /* LaunchScreen.xib */ = {
			isa = PBXVariantGroup;
			children = (
				06BE06131A0AE452000CB849 /* Base */,
			);
			name = LaunchScreen.xib;
			sourceTree = "<group>";
		};
/* End PBXVariantGroup section */

/* Begin XCBuildConfiguration section */
		06BE06211A0AE452000CB849 /* Debug */ = {
			isa = XCBuildConfiguration;
			buildSettings = {
				ALWAYS_SEARCH_USER_PATHS = NO;
				CLANG_CXX_LANGUAGE_STANDARD = "gnu++0x";
				CLANG_CXX_LIBRARY = "libc++";
				CLANG_ENABLE_MODULES = YES;
				CLANG_ENABLE_OBJC_ARC = YES;
				CLANG_WARN_BOOL_CONVERSION = YES;
				CLANG_WARN_CONSTANT_CONVERSION = YES;
				CLANG_WARN_DIRECT_OBJC_ISA_USAGE = YES_ERROR;
				CLANG_WARN_EMPTY_BODY = YES;
				CLANG_WARN_ENUM_CONVERSION = YES;
				CLANG_WARN_INT_CONVERSION = YES;
				CLANG_WARN_OBJC_ROOT_CLASS = YES_ERROR;
				CLANG_WARN_UNREACHABLE_CODE = YES;
				CLANG_WARN__DUPLICATE_METHOD_MATCH = YES;
				"CODE_SIGN_IDENTITY[sdk=iphoneos*]" = "iPhone Developer";
				COPY_PHASE_STRIP = NO;
				ENABLE_STRICT_OBJC_MSGSEND = YES;
				GCC_C_LANGUAGE_STANDARD = gnu99;
				GCC_DYNAMIC_NO_PIC = NO;
				GCC_OPTIMIZATION_LEVEL = 0;
				GCC_PREPROCESSOR_DEFINITIONS = (
					"DEBUG=1",
					"$(inherited)",
				);
				GCC_SYMBOLS_PRIVATE_EXTERN = NO;
				GCC_WARN_64_TO_32_BIT_CONVERSION = YES;
				GCC_WARN_ABOUT_RETURN_TYPE = YES_ERROR;
				GCC_WARN_UNDECLARED_SELECTOR = YES;
				GCC_WARN_UNINITIALIZED_AUTOS = YES_AGGRESSIVE;
				GCC_WARN_UNUSED_FUNCTION = YES;
				GCC_WARN_UNUSED_VARIABLE = YES;
				IPHONEOS_DEPLOYMENT_TARGET = 8.1;
				MTL_ENABLE_DEBUG_INFO = YES;
				ONLY_ACTIVE_ARCH = YES;
				SDKROOT = iphoneos;
				SWIFT_OPTIMIZATION_LEVEL = "-Onone";
			};
			name = Debug;
		};
		06BE06221A0AE452000CB849 /* Release */ = {
			isa = XCBuildConfiguration;
			buildSettings = {
				ALWAYS_SEARCH_USER_PATHS = NO;
				CLANG_CXX_LANGUAGE_STANDARD = "gnu++0x";
				CLANG_CXX_LIBRARY = "libc++";
				CLANG_ENABLE_MODULES = YES;
				CLANG_ENABLE_OBJC_ARC = YES;
				CLANG_WARN_BOOL_CONVERSION = YES;
				CLANG_WARN_CONSTANT_CONVERSION = YES;
				CLANG_WARN_DIRECT_OBJC_ISA_USAGE = YES_ERROR;
				CLANG_WARN_EMPTY_BODY = YES;
				CLANG_WARN_ENUM_CONVERSION = YES;
				CLANG_WARN_INT_CONVERSION = YES;
				CLANG_WARN_OBJC_ROOT_CLASS = YES_ERROR;
				CLANG_WARN_UNREACHABLE_CODE = YES;
				CLANG_WARN__DUPLICATE_METHOD_MATCH = YES;
				"CODE_SIGN_IDENTITY[sdk=iphoneos*]" = "iPhone Developer";
				COPY_PHASE_STRIP = YES;
				ENABLE_NS_ASSERTIONS = NO;
				ENABLE_STRICT_OBJC_MSGSEND = YES;
				GCC_C_LANGUAGE_STANDARD = gnu99;
				GCC_WARN_64_TO_32_BIT_CONVERSION = YES;
				GCC_WARN_ABOUT_RETURN_TYPE = YES_ERROR;
				GCC_WARN_UNDECLARED_SELECTOR = YES;
				GCC_WARN_UNINITIALIZED_AUTOS = YES_AGGRESSIVE;
				GCC_WARN_UNUSED_FUNCTION = YES;
				GCC_WARN_UNUSED_VARIABLE = YES;
				IPHONEOS_DEPLOYMENT_TARGET = 8.1;
				MTL_ENABLE_DEBUG_INFO = NO;
				SDKROOT = iphoneos;
				VALIDATE_PRODUCT = YES;
			};
			name = Release;
		};
		06BE06241A0AE452000CB849 /* Debug */ = {
			isa = XCBuildConfiguration;
			buildSettings = {
				ASSETCATALOG_COMPILER_APPICON_NAME = AppIcon;
				INFOPLIST_FILE = SimplePlayer/Info.plist;
				LD_RUNPATH_SEARCH_PATHS = "$(inherited) @executable_path/Frameworks";
				PRODUCT_NAME = "$(TARGET_NAME)";
			};
			name = Debug;
		};
		06BE06251A0AE452000CB849 /* Release */ = {
			isa = XCBuildConfiguration;
			buildSettings = {
				ASSETCATALOG_COMPILER_APPICON_NAME = AppIcon;
				INFOPLIST_FILE = SimplePlayer/Info.plist;
				LD_RUNPATH_SEARCH_PATHS = "$(inherited) @executable_path/Frameworks";
				PRODUCT_NAME = "$(TARGET_NAME)";
			};
			name = Release;
		};
		06BE06271A0AE452000CB849 /* Debug */ = {
			isa = XCBuildConfiguration;
			buildSettings = {
				BUNDLE_LOADER = "$(TEST_HOST)";
				FRAMEWORK_SEARCH_PATHS = (
					"$(SDKROOT)/Developer/Library/Frameworks",
					"$(inherited)",
				);
				GCC_PREPROCESSOR_DEFINITIONS = (
					"DEBUG=1",
					"$(inherited)",
				);
				INFOPLIST_FILE = SimplePlayerTests/Info.plist;
				LD_RUNPATH_SEARCH_PATHS = "$(inherited) @executable_path/Frameworks @loader_path/Frameworks";
				PRODUCT_NAME = "$(TARGET_NAME)";
				TEST_HOST = "$(BUILT_PRODUCTS_DIR)/SimplePlayer.app/SimplePlayer";
			};
			name = Debug;
		};
		06BE06281A0AE452000CB849 /* Release */ = {
			isa = XCBuildConfiguration;
			buildSettings = {
				BUNDLE_LOADER = "$(TEST_HOST)";
				FRAMEWORK_SEARCH_PATHS = (
					"$(SDKROOT)/Developer/Library/Frameworks",
					"$(inherited)",
				);
				INFOPLIST_FILE = SimplePlayerTests/Info.plist;
				LD_RUNPATH_SEARCH_PATHS = "$(inherited) @executable_path/Frameworks @loader_path/Frameworks";
				PRODUCT_NAME = "$(TARGET_NAME)";
				TEST_HOST = "$(BUILT_PRODUCTS_DIR)/SimplePlayer.app/SimplePlayer";
			};
			name = Release;
		};
/* End XCBuildConfiguration section */

/* Begin XCConfigurationList section */
		06BE05FF1A0AE452000CB849 /* Build configuration list for PBXProject "SimplePlayer" */ = {
			isa = XCConfigurationList;
			buildConfigurations = (
				06BE06211A0AE452000CB849 /* Debug */,
				06BE06221A0AE452000CB849 /* Release */,
			);
			defaultConfigurationIsVisible = 0;
			defaultConfigurationName = Release;
		};
		06BE06231A0AE452000CB849 /* Build configuration list for PBXNativeTarget "SimplePlayer" */ = {
			isa = XCConfigurationList;
			buildConfigurations = (
				06BE06241A0AE452000CB849 /* Debug */,
				06BE06251A0AE452000CB849 /* Release */,
			);
			defaultConfigurationIsVisible = 0;
		};
		06BE06261A0AE452000CB849 /* Build configuration list for PBXNativeTarget "SimplePlayerTests" */ = {
			isa = XCConfigurationList;
			buildConfigurations = (
				06BE06271A0AE452000CB849 /* Debug */,
				06BE06281A0AE452000CB849 /* Release */,
			);
			defaultConfigurationIsVisible = 0;
		};
/* End XCConfigurationList section */
	};
	rootObject = 06BE05FC1A0AE452000CB849 /* Project object */;
}
